github.com/beanstalkd/go-beanstalk v0.1.0 h1:IiNwYbAoVBDs5xEOmleGoX+DRD3Moz99EpATbl8672w=
github.com/beanstalkd/go-beanstalk v0.1.0/go.mod h1:/G8YTyChOtpOArwLTQPY1CHB+i212+av35bkPXXj56Y=
github.com/go-redis/redis v6.15.9+incompatible h1:K0pv1D7EQUjfyoMql+r/jZqCLizCGKFlFgcHWWmHQjg=
github.com/go-redis/redis v6.15.9+incompatible/go.mod h1:NAIEuMOZ/fxfXJIrKDQDz8wamY7mA7PouImQ2Jvg6kA=
